// !$*UTF8*$!
{
	archiveVersion = 1;
	classes = {
	};
	objectVersion = 77;
	objects = {

/* Begin PBXBuildFile section */
		6950245F2D186E7E00EEF1EF /* GoogleMaps in Frameworks */ = {isa = PBXBuildFile; productRef = 6950245E2D186E7E00EEF1EF /* GoogleMaps */; };
		69CA88472D18777400C19E4D /* GooglePlaces in Frameworks */ = {isa = PBXBuildFile; productRef = 69CA88462D18777400C19E4D /* GooglePlaces */; };
		69CA88492D18777400C19E4D /* GooglePlacesSwift in Frameworks */ = {isa = PBXBuildFile; productRef = 69CA88482D18777400C19E4D /* GooglePlacesSwift */; };
/* End PBXBuildFile section */

/* Begin PBXContainerItemProxy section */
		695024412D186C1C00EEF1EF /* PBXContainerItemProxy */ = {
			isa = PBXContainerItemProxy;
			containerPortal = 695024282D186C1A00EEF1EF /* Project object */;
			proxyType = 1;
			remoteGlobalIDString = 6950242F2D186C1A00EEF1EF;
			remoteInfo = BoltClone;
		};
		6950244B2D186C1C00EEF1EF /* PBXContainerItemProxy */ = {
			isa = PBXContainerItemProxy;
			containerPortal = 695024282D186C1A00EEF1EF /* Project object */;
			proxyType = 1;
			remoteGlobalIDString = 6950242F2D186C1A00EEF1EF;
			remoteInfo = BoltClone;
		};
/* End PBXContainerItemProxy section */

/* Begin PBXFileReference section */
		695024302D186C1A00EEF1EF /* BoltClone.app */ = {isa = PBXFileReference; explicitFileType = wrapper.application; includeInIndex = 0; path = BoltClone.app; sourceTree = BUILT_PRODUCTS_DIR; };
		695024402D186C1C00EEF1EF /* BoltCloneTests.xctest */ = {isa = PBXFileReference; explicitFileType = wrapper.cfbundle; includeInIndex = 0; path = BoltCloneTests.xctest; sourceTree = BUILT_PRODUCTS_DIR; };
		6950244A2D186C1C00EEF1EF /* BoltCloneUITests.xctest */ = {isa = PBXFileReference; explicitFileType = wrapper.cfbundle; includeInIndex = 0; path = BoltCloneUITests.xctest; sourceTree = BUILT_PRODUCTS_DIR; };
/* End PBXFileReference section */

/* Begin PBXFileSystemSynchronizedRootGroup section */
		695024322D186C1A00EEF1EF /* BoltClone */ = {
			isa = PBXFileSystemSynchronizedRootGroup;
			path = BoltClone;
			sourceTree = "<group>";
		};
/* End PBXFileSystemSynchronizedRootGroup section */

/* Begin PBXFrameworksBuildPhase section */
		6950242D2D186C1A00EEF1EF /* Frameworks */ = {
			isa = PBXFrameworksBuildPhase;
			buildActionMask = 2147483647;
			files = (
				6950245F2D186E7E00EEF1EF /* GoogleMaps in Frameworks */,
				69CA88472D18777400C19E4D /* GooglePlaces in Frameworks */,
				69CA88492D18777400C19E4D /* GooglePlacesSwift in Frameworks */,
			);
			runOnlyForDeploymentPostprocessing = 0;
		};
		6950243D2D186C1C00EEF1EF /* Frameworks */ = {
			isa = PBXFrameworksBuildPhase;
			buildActionMask = 2147483647;
			files = (
			);
			runOnlyForDeploymentPostprocessing = 0;
		};
		695024472D186C1C00EEF1EF /* Frameworks */ = {
			isa = PBXFrameworksBuildPhase;
			buildActionMask = 2147483647;
			files = (
			);
			runOnlyForDeploymentPostprocessing = 0;
		};
/* End PBXFrameworksBuildPhase section */

/* Begin PBXGroup section */
		695024272D186C1A00EEF1EF = {
			isa = PBXGroup;
			children = (
				695024322D186C1A00EEF1EF /* BoltClone */,
				695024312D186C1A00EEF1EF /* Products */,
			);
			sourceTree = "<group>";
		};
		695024312D186C1A00EEF1EF /* Products */ = {
			isa = PBXGroup;
			children = (
				695024302D186C1A00EEF1EF /* BoltClone.app */,
				695024402D186C1C00EEF1EF /* BoltCloneTests.xctest */,
				6950244A2D186C1C00EEF1EF /* BoltCloneUITests.xctest */,
			);
			name = Products;
			sourceTree = "<group>";
		};
/* End PBXGroup section */

/* Begin PBXNativeTarget section */
		6950242F2D186C1A00EEF1EF /* BoltClone */ = {
			isa = PBXNativeTarget;
			buildConfigurationList = 695024542D186C1C00EEF1EF /* Build configuration list for PBXNativeTarget "BoltClone" */;
			buildPhases = (
				6950242C2D186C1A00EEF1EF /* Sources */,
				6950242D2D186C1A00EEF1EF /* Frameworks */,
				6950242E2D186C1A00EEF1EF /* Resources */,
			);
			buildRules = (
			);
			dependencies = (
			);
			fileSystemSynchronizedGroups = (
				695024322D186C1A00EEF1EF /* BoltClone */,
			);
			name = BoltClone;
			packageProductDependencies = (
				6950245E2D186E7E00EEF1EF /* GoogleMaps */,
				69CA88462D18777400C19E4D /* GooglePlaces */,
				69CA88482D18777400C19E4D /* GooglePlacesSwift */,
			);
			productName = BoltClone;
			productReference = 695024302D186C1A00EEF1EF /* BoltClone.app */;
			productType = "com.apple.product-type.application";
		};
		6950243F2D186C1C00EEF1EF /* BoltCloneTests */ = {
			isa = PBXNativeTarget;
			buildConfigurationList = 695024572D186C1C00EEF1EF /* Build configuration list for PBXNativeTarget "BoltCloneTests" */;
			buildPhases = (
				6950243C2D186C1C00EEF1EF /* Sources */,
				6950243D2D186C1C00EEF1EF /* Frameworks */,
				6950243E2D186C1C00EEF1EF /* Resources */,
			);
			buildRules = (
			);
			dependencies = (
				695024422D186C1C00EEF1EF /* PBXTargetDependency */,
			);
			name = BoltCloneTests;
			packageProductDependencies = (
			);
			productName = BoltCloneTests;
			productReference = 695024402D186C1C00EEF1EF /* BoltCloneTests.xctest */;
			productType = "com.apple.product-type.bundle.unit-test";
		};
		695024492D186C1C00EEF1EF /* BoltCloneUITests */ = {
			isa = PBXNativeTarget;
			buildConfigurationList = 6950245A2D186C1C00EEF1EF /* Build configuration list for PBXNativeTarget "BoltCloneUITests" */;
			buildPhases = (
				695024462D186C1C00EEF1EF /* Sources */,
				695024472D186C1C00EEF1EF /* Frameworks */,
				695024482D186C1C00EEF1EF /* Resources */,
			);
			buildRules = (
			);
			dependencies = (
				6950244C2D186C1C00EEF1EF /* PBXTargetDependency */,
			);
			name = BoltCloneUITests;
			packageProductDependencies = (
			);
			productName = BoltCloneUITests;
			productReference = 6950244A2D186C1C00EEF1EF /* BoltCloneUITests.xctest */;
			productType = "com.apple.product-type.bundle.ui-testing";
		};
/* End PBXNativeTarget section */

/* Begin PBXProject section */
		695024282D186C1A00EEF1EF /* Project object */ = {
			isa = PBXProject;
			attributes = {
				BuildIndependentTargetsInParallel = 1;
				LastSwiftUpdateCheck = 1600;
				LastUpgradeCheck = 1600;
				TargetAttributes = {
					6950242F2D186C1A00EEF1EF = {
						CreatedOnToolsVersion = 16.0;
					};
					6950243F2D186C1C00EEF1EF = {
						CreatedOnToolsVersion = 16.0;
						TestTargetID = 6950242F2D186C1A00EEF1EF;
					};
					695024492D186C1C00EEF1EF = {
						CreatedOnToolsVersion = 16.0;
						TestTargetID = 6950242F2D186C1A00EEF1EF;
					};
				};
			};
			buildConfigurationList = 6950242B2D186C1A00EEF1EF /* Build configuration list for PBXProject "BoltClone" */;
			developmentRegion = en;
			hasScannedForEncodings = 0;
			knownRegions = (
				en,
				Base,
			);
			mainGroup = 695024272D186C1A00EEF1EF;
			minimizedProjectReferenceProxies = 1;
			packageReferences = (
				6950245D2D186E7E00EEF1EF /* XCRemoteSwiftPackageReference "ios-maps-sdk" */,
				69CA88452D18777400C19E4D /* XCRemoteSwiftPackageReference "ios-places-sdk" */,
			);
			preferredProjectObjectVersion = 77;
			productRefGroup = 695024312D186C1A00EEF1EF /* Products */;
			projectDirPath = "";
			projectRoot = "";
			targets = (
				6950242F2D186C1A00EEF1EF /* BoltClone */,
				6950243F2D186C1C00EEF1EF /* BoltCloneTests */,
				695024492D186C1C00EEF1EF /* BoltCloneUITests */,
			);
		};
/* End PBXProject section */

/* Begin PBXResourcesBuildPhase section */
		6950242E2D186C1A00EEF1EF /* Resources */ = {
			isa = PBXResourcesBuildPhase;
			buildActionMask = 2147483647;
			files = (
			);
			runOnlyForDeploymentPostprocessing = 0;
		};
		6950243E2D186C1C00EEF1EF /* Resources */ = {
			isa = PBXResourcesBuildPhase;
			buildActionMask = 2147483647;
			files = (
			);
			runOnlyForDeploymentPostprocessing = 0;
		};
		695024482D186C1C00EEF1EF /* Resources */ = {
			isa = PBXResourcesBuildPhase;
			buildActionMask = 2147483647;
			files = (
			);
			runOnlyForDeploymentPostprocessing = 0;
		};
/* End PBXResourcesBuildPhase section */

/* Begin PBXSourcesBuildPhase section */
		6950242C2D186C1A00EEF1EF /* Sources */ = {
			isa = PBXSourcesBuildPhase;
			buildActionMask = 2147483647;
			files = (
			);
			runOnlyForDeploymentPostprocessing = 0;
		};
		6950243C2D186C1C00EEF1EF /* Sources */ = {
			isa = PBXSourcesBuildPhase;
			buildActionMask = 2147483647;
			files = (
			);
			runOnlyForDeploymentPostprocessing = 0;
		};
		695024462D186C1C00EEF1EF /* Sources */ = {
			isa = PBXSourcesBuildPhase;
			buildActionMask = 2147483647;
			files = (
			);
			runOnlyForDeploymentPostprocessing = 0;
		};
/* End PBXSourcesBuildPhase section */

/* Begin PBXTargetDependency section */
		695024422D186C1C00EEF1EF /* PBXTargetDependency */ = {
			isa = PBXTargetDependency;
			target = 6950242F2D186C1A00EEF1EF /* BoltClone */;
			targetProxy = 695024412D186C1C00EEF1EF /* PBXContainerItemProxy */;
		};
		6950244C2D186C1C00EEF1EF /* PBXTargetDependency */ = {
			isa = PBXTargetDependency;
			target = 6950242F2D186C1A00EEF1EF /* BoltClone */;
			targetProxy = 6950244B2D186C1C00EEF1EF /* PBXContainerItemProxy */;
		};
/* End PBXTargetDependency section */

/* Begin XCBuildConfiguration section */
		695024522D186C1C00EEF1EF /* Debug */ = {
			isa = XCBuildConfiguration;
			buildSettings = {
				ALWAYS_SEARCH_USER_PATHS = NO;
				ASSETCATALOG_COMPILER_GENERATE_SWIFT_ASSET_SYMBOL_EXTENSIONS = YES;
				CLANG_ANALYZER_NONNULL = YES;
				CLANG_ANALYZER_NUMBER_OBJECT_CONVERSION = YES_AGGRESSIVE;
				CLANG_CXX_LANGUAGE_STANDARD = "gnu++20";
				CLANG_ENABLE_MODULES = YES;
				CLANG_ENABLE_OBJC_ARC = YES;
				CLANG_ENABLE_OBJC_WEAK = YES;
				CLANG_WARN_BLOCK_CAPTURE_AUTORELEASING = YES;
				CLANG_WARN_BOOL_CONVERSION = YES;
				CLANG_WARN_COMMA = YES;
				CLANG_WARN_CONSTANT_CONVERSION = YES;
				CLANG_WARN_DEPRECATED_OBJC_IMPLEMENTATIONS = YES;
				CLANG_WARN_DIRECT_OBJC_ISA_USAGE = YES_ERROR;
				CLANG_WARN_DOCUMENTATION_COMMENTS = YES;
				CLANG_WARN_EMPTY_BODY = YES;
				CLANG_WARN_ENUM_CONVERSION = YES;
				CLANG_WARN_INFINITE_RECURSION = YES;
				CLANG_WARN_INT_CONVERSION = YES;
				CLANG_WARN_NON_LITERAL_NULL_CONVERSION = YES;
				CLANG_WARN_OBJC_IMPLICIT_RETAIN_SELF = YES;
				CLANG_WARN_OBJC_LITERAL_CONVERSION = YES;
				CLANG_WARN_OBJC_ROOT_CLASS = YES_ERROR;
				CLANG_WARN_QUOTED_INCLUDE_IN_FRAMEWORK_HEADER = YES;
				CLANG_WARN_RANGE_LOOP_ANALYSIS = YES;
				CLANG_WARN_STRICT_PROTOTYPES = YES;
				CLANG_WARN_SUSPICIOUS_MOVE = YES;
				CLANG_WARN_UNGUARDED_AVAILABILITY = YES_AGGRESSIVE;
				CLANG_WARN_UNREACHABLE_CODE = YES;
				CLANG_WARN__DUPLICATE_METHOD_MATCH = YES;
				COPY_PHASE_STRIP = NO;
				DEBUG_INFORMATION_FORMAT = dwarf;
				ENABLE_STRICT_OBJC_MSGSEND = YES;
				ENABLE_TESTABILITY = YES;
				ENABLE_USER_SCRIPT_SANDBOXING = YES;
				GCC_C_LANGUAGE_STANDARD = gnu17;
				GCC_DYNAMIC_NO_PIC = NO;
				GCC_NO_COMMON_BLOCKS = YES;
				GCC_OPTIMIZATION_LEVEL = 0;
				GCC_PREPROCESSOR_DEFINITIONS = (
					"DEBUG=1",
					"$(inherited)",
				);
				GCC_WARN_64_TO_32_BIT_CONVERSION = YES;
				GCC_WARN_ABOUT_RETURN_TYPE = YES_ERROR;
				GCC_WARN_UNDECLARED_SELECTOR = YES;
				GCC_WARN_UNINITIALIZED_AUTOS = YES_AGGRESSIVE;
				GCC_WARN_UNUSED_FUNCTION = YES;
				GCC_WARN_UNUSED_VARIABLE = YES;
				IPHONEOS_DEPLOYMENT_TARGET = 18.0;
				LOCALIZATION_PREFERS_STRING_CATALOGS = YES;
				MTL_ENABLE_DEBUG_INFO = INCLUDE_SOURCE;
				MTL_FAST_MATH = YES;
				ONLY_ACTIVE_ARCH = YES;
				SDKROOT = iphoneos;
				SWIFT_ACTIVE_COMPILATION_CONDITIONS = "DEBUG $(inherited)";
				SWIFT_OPTIMIZATION_LEVEL = "-Onone";
			};
			name = Debug;
		};
		695024532D186C1C00EEF1EF /* Release */ = {
			isa = XCBuildConfiguration;
			buildSettings = {
				ALWAYS_SEARCH_USER_PATHS = NO;
				ASSETCATALOG_COMPILER_GENERATE_SWIFT_ASSET_SYMBOL_EXTENSIONS = YES;
				CLANG_ANALYZER_NONNULL = YES;
				CLANG_ANALYZER_NUMBER_OBJECT_CONVERSION = YES_AGGRESSIVE;
				CLANG_CXX_LANGUAGE_STANDARD = "gnu++20";
				CLANG_ENABLE_MODULES = YES;
				CLANG_ENABLE_OBJC_ARC = YES;
				CLANG_ENABLE_OBJC_WEAK = YES;
				CLANG_WARN_BLOCK_CAPTURE_AUTORELEASING = YES;
				CLANG_WARN_BOOL_CONVERSION = YES;
				CLANG_WARN_COMMA = YES;
				CLANG_WARN_CONSTANT_CONVERSION = YES;
				CLANG_WARN_DEPRECATED_OBJC_IMPLEMENTATIONS = YES;
				CLANG_WARN_DIRECT_OBJC_ISA_USAGE = YES_ERROR;
				CLANG_WARN_DOCUMENTATION_COMMENTS = YES;
				CLANG_WARN_EMPTY_BODY = YES;
				CLANG_WARN_ENUM_CONVERSION = YES;
				CLANG_WARN_INFINITE_RECURSION = YES;
				CLANG_WARN_INT_CONVERSION = YES;
				CLANG_WARN_NON_LITERAL_NULL_CONVERSION = YES;
				CLANG_WARN_OBJC_IMPLICIT_RETAIN_SELF = YES;
				CLANG_WARN_OBJC_LITERAL_CONVERSION = YES;
				CLANG_WARN_OBJC_ROOT_CLASS = YES_ERROR;
				CLANG_WARN_QUOTED_INCLUDE_IN_FRAMEWORK_HEADER = YES;
				CLANG_WARN_RANGE_LOOP_ANALYSIS = YES;
				CLANG_WARN_STRICT_PROTOTYPES = YES;
				CLANG_WARN_SUSPICIOUS_MOVE = YES;
				CLANG_WARN_UNGUARDED_AVAILABILITY = YES_AGGRESSIVE;
				CLANG_WARN_UNREACHABLE_CODE = YES;
				CLANG_WARN__DUPLICATE_METHOD_MATCH = YES;
				COPY_PHASE_STRIP = NO;
				DEBUG_INFORMATION_FORMAT = "dwarf-with-dsym";
				ENABLE_NS_ASSERTIONS = NO;
				ENABLE_STRICT_OBJC_MSGSEND = YES;
				ENABLE_USER_SCRIPT_SANDBOXING = YES;
				GCC_C_LANGUAGE_STANDARD = gnu17;
				GCC_NO_COMMON_BLOCKS = YES;
				GCC_WARN_64_TO_32_BIT_CONVERSION = YES;
				GCC_WARN_ABOUT_RETURN_TYPE = YES_ERROR;
				GCC_WARN_UNDECLARED_SELECTOR = YES;
				GCC_WARN_UNINITIALIZED_AUTOS = YES_AGGRESSIVE;
				GCC_WARN_UNUSED_FUNCTION = YES;
				GCC_WARN_UNUSED_VARIABLE = YES;
				IPHONEOS_DEPLOYMENT_TARGET = 18.0;
				LOCALIZATION_PREFERS_STRING_CATALOGS = YES;
				MTL_ENABLE_DEBUG_INFO = NO;
				MTL_FAST_MATH = YES;
				SDKROOT = iphoneos;
				SWIFT_COMPILATION_MODE = wholemodule;
				VALIDATE_PRODUCT = YES;
			};
			name = Release;
		};
		695024552D186C1C00EEF1EF /* Debug */ = {
			isa = XCBuildConfiguration;
			buildSettings = {
				ASSETCATALOG_COMPILER_APPICON_NAME = AppIcon;
				ASSETCATALOG_COMPILER_GLOBAL_ACCENT_COLOR_NAME = AccentColor;
				CODE_SIGN_STYLE = Automatic;
				CURRENT_PROJECT_VERSION = 1;
				DEVELOPMENT_ASSET_PATHS = "\"BoltClone/Preview Content\"";
				DEVELOPMENT_TEAM = QCWGH359QH;
				ENABLE_PREVIEWS = YES;
				GENERATE_INFOPLIST_FILE = YES;
				INFOPLIST_KEY_NSLocationAlwaysAndWhenInUseUsageDescription = "This app need user location to show user location in map.";
				INFOPLIST_KEY_NSLocationAlwaysUsageDescription = "This app need user location to show user location in map.";
				INFOPLIST_KEY_NSLocationWhenInUseUsageDescription = "This app need user location to show user location in map.";
				INFOPLIST_KEY_UIApplicationSceneManifest_Generation = YES;
				INFOPLIST_KEY_UIApplicationSupportsIndirectInputEvents = YES;
				INFOPLIST_KEY_UILaunchScreen_Generation = YES;
				INFOPLIST_KEY_UISupportedInterfaceOrientations_iPad = "UIInterfaceOrientationPortrait UIInterfaceOrientationPortraitUpsideDown UIInterfaceOrientationLandscapeLeft UIInterfaceOrientationLandscapeRight";
				INFOPLIST_KEY_UISupportedInterfaceOrientations_iPhone = "UIInterfaceOrientationPortrait UIInterfaceOrientationLandscapeLeft UIInterfaceOrientationLandscapeRight";
				LD_RUNPATH_SEARCH_PATHS = (
					"$(inherited)",
					"@executable_path/Frameworks",
				);
				MARKETING_VERSION = 1.0;
				PRODUCT_BUNDLE_IDENTIFIER = arkarmin.dev.BoltClone;
				PRODUCT_NAME = "$(TARGET_NAME)";
				SWIFT_EMIT_LOC_STRINGS = YES;
				SWIFT_VERSION = 5.0;
				TARGETED_DEVICE_FAMILY = "1,2";
			};
			name = Debug;
		};
		695024562D186C1C00EEF1EF /* Release */ = {
			isa = XCBuildConfiguration;
			buildSettings = {
				ASSETCATALOG_COMPILER_APPICON_NAME = AppIcon;
				ASSETCATALOG_COMPILER_GLOBAL_ACCENT_COLOR_NAME = AccentColor;
				CODE_SIGN_STYLE = Automatic;
				CURRENT_PROJECT_VERSION = 1;
				DEVELOPMENT_ASSET_PATHS = "\"BoltClone/Preview Content\"";
				DEVELOPMENT_TEAM = QCWGH359QH;
				ENABLE_PREVIEWS = YES;
				GENERATE_INFOPLIST_FILE = YES;
				INFOPLIST_KEY_NSLocationAlwaysAndWhenInUseUsageDescription = "This app need user location to show user location in map.";
				INFOPLIST_KEY_NSLocationAlwaysUsageDescription = "This app need user location to show user location in map.";
				INFOPLIST_KEY_NSLocationWhenInUseUsageDescription = "This app need user location to show user location in map.";
				INFOPLIST_KEY_UIApplicationSceneManifest_Generation = YES;
				INFOPLIST_KEY_UIApplicationSupportsIndirectInputEvents = YES;
				INFOPLIST_KEY_UILaunchScreen_Generation = YES;
				INFOPLIST_KEY_UISupportedInterfaceOrientations_iPad = "UIInterfaceOrientationPortrait UIInterfaceOrientationPortraitUpsideDown UIInterfaceOrientationLandscapeLeft UIInterfaceOrientationLandscapeRight";
				INFOPLIST_KEY_UISupportedInterfaceOrientations_iPhone = "UIInterfaceOrientationPortrait UIInterfaceOrientationLandscapeLeft UIInterfaceOrientationLandscapeRight";
				LD_RUNPATH_SEARCH_PATHS = (
					"$(inherited)",
					"@executable_path/Frameworks",
				);
				MARKETING_VERSION = 1.0;
				PRODUCT_BUNDLE_IDENTIFIER = arkarmin.dev.BoltClone;
				PRODUCT_NAME = "$(TARGET_NAME)";
				SWIFT_EMIT_LOC_STRINGS = YES;
				SWIFT_VERSION = 5.0;
				TARGETED_DEVICE_FAMILY = "1,2";
			};
			name = Release;
		};
		695024582D186C1C00EEF1EF /* Debug */ = {
			isa = XCBuildConfiguration;
			buildSettings = {
				BUNDLE_LOADER = "$(TEST_HOST)";
				CODE_SIGN_STYLE = Automatic;
				CURRENT_PROJECT_VERSION = 1;
				DEVELOPMENT_TEAM = QCWGH359QH;
				GENERATE_INFOPLIST_FILE = YES;
				IPHONEOS_DEPLOYMENT_TARGET = 18.0;
				MARKETING_VERSION = 1.0;
				PRODUCT_BUNDLE_IDENTIFIER = arkarmin.dev.BoltCloneTests;
				PRODUCT_NAME = "$(TARGET_NAME)";
				SWIFT_EMIT_LOC_STRINGS = NO;
				SWIFT_VERSION = 5.0;
				TARGETED_DEVICE_FAMILY = "1,2";
				TEST_HOST = "$(BUILT_PRODUCTS_DIR)/BoltClone.app/$(BUNDLE_EXECUTABLE_FOLDER_PATH)/BoltClone";
			};
			name = Debug;
		};
		695024592D186C1C00EEF1EF /* Release */ = {
			isa = XCBuildConfiguration;
			buildSettings = {
				BUNDLE_LOADER = "$(TEST_HOST)";
				CODE_SIGN_STYLE = Automatic;
				CURRENT_PROJECT_VERSION = 1;
				DEVELOPMENT_TEAM = QCWGH359QH;
				GENERATE_INFOPLIST_FILE = YES;
				IPHONEOS_DEPLOYMENT_TARGET = 18.0;
				MARKETING_VERSION = 1.0;
				PRODUCT_BUNDLE_IDENTIFIER = arkarmin.dev.BoltCloneTests;
				PRODUCT_NAME = "$(TARGET_NAME)";
				SWIFT_EMIT_LOC_STRINGS = NO;
				SWIFT_VERSION = 5.0;
				TARGETED_DEVICE_FAMILY = "1,2";
				TEST_HOST = "$(BUILT_PRODUCTS_DIR)/BoltClone.app/$(BUNDLE_EXECUTABLE_FOLDER_PATH)/BoltClone";
			};
			name = Release;
		};
		6950245B2D186C1C00EEF1EF /* Debug */ = {
			isa = XCBuildConfiguration;
			buildSettings = {
				CODE_SIGN_STYLE = Automatic;
				CURRENT_PROJECT_VERSION = 1;
				DEVELOPMENT_TEAM = QCWGH359QH;
				GENERATE_INFOPLIST_FILE = YES;
				MARKETING_VERSION = 1.0;
				PRODUCT_BUNDLE_IDENTIFIER = arkarmin.dev.BoltCloneUITests;
				PRODUCT_NAME = "$(TARGET_NAME)";
				SWIFT_EMIT_LOC_STRINGS = NO;
				SWIFT_VERSION = 5.0;
				TARGETED_DEVICE_FAMILY = "1,2";
				TEST_TARGET_NAME = BoltClone;
			};
			name = Debug;
		};
		6950245C2D186C1C00EEF1EF /* Release */ = {
			isa = XCBuildConfiguration;
			buildSettings = {
				CODE_SIGN_STYLE = Automatic;
				CURRENT_PROJECT_VERSION = 1;
				DEVELOPMENT_TEAM = QCWGH359QH;
				GENERATE_INFOPLIST_FILE = YES;
				MARKETING_VERSION = 1.0;
				PRODUCT_BUNDLE_IDENTIFIER = arkarmin.dev.BoltCloneUITests;
				PRODUCT_NAME = "$(TARGET_NAME)";
				SWIFT_EMIT_LOC_STRINGS = NO;
				SWIFT_VERSION = 5.0;
				TARGETED_DEVICE_FAMILY = "1,2";
				TEST_TARGET_NAME = BoltClone;
			};
			name = Release;
		};
/* End XCBuildConfiguration section */

/* Begin XCConfigurationList section */
		6950242B2D186C1A00EEF1EF /* Build configuration list for PBXProject "BoltClone" */ = {
			isa = XCConfigurationList;
			buildConfigurations = (
				695024522D186C1C00EEF1EF /* Debug */,
				695024532D186C1C00EEF1EF /* Release */,
			);
			defaultConfigurationIsVisible = 0;
			defaultConfigurationName = Release;
		};
		695024542D186C1C00EEF1EF /* Build configuration list for PBXNativeTarget "BoltClone" */ = {
			isa = XCConfigurationList;
			buildConfigurations = (
				695024552D186C1C00EEF1EF /* Debug */,
				695024562D186C1C00EEF1EF /* Release */,
			);
			defaultConfigurationIsVisible = 0;
			defaultConfigurationName = Release;
		};
		695024572D186C1C00EEF1EF /* Build configuration list for PBXNativeTarget "BoltCloneTests" */ = {
			isa = XCConfigurationList;
			buildConfigurations = (
				695024582D186C1C00EEF1EF /* Debug */,
				695024592D186C1C00EEF1EF /* Release */,
			);
			defaultConfigurationIsVisible = 0;
			defaultConfigurationName = Release;
		};
		6950245A2D186C1C00EEF1EF /* Build configuration list for PBXNativeTarget "BoltCloneUITests" */ = {
			isa = XCConfigurationList;
			buildConfigurations = (
				6950245B2D186C1C00EEF1EF /* Debug */,
				6950245C2D186C1C00EEF1EF /* Release */,
			);
			defaultConfigurationIsVisible = 0;
			defaultConfigurationName = Release;
		};
/* End XCConfigurationList section */

/* Begin XCRemoteSwiftPackageReference section */
		6950245D2D186E7E00EEF1EF /* XCRemoteSwiftPackageReference "ios-maps-sdk" */ = {
			isa = XCRemoteSwiftPackageReference;
			repositoryURL = "https://github.com/googlemaps/ios-maps-sdk";
			requirement = {
				kind = upToNextMajorVersion;
				minimumVersion = 9.2.0;
			};
		};
		69CA88452D18777400C19E4D /* XCRemoteSwiftPackageReference "ios-places-sdk" */ = {
			isa = XCRemoteSwiftPackageReference;
			repositoryURL = "https://github.com/googlemaps/ios-places-sdk";
			requirement = {
				kind = upToNextMajorVersion;
				minimumVersion = 9.2.0;
			};
		};
/* End XCRemoteSwiftPackageReference section */

/* Begin XCSwiftPackageProductDependency section */
		6950245E2D186E7E00EEF1EF /* GoogleMaps */ = {
			isa = XCSwiftPackageProductDependency;
			package = 6950245D2D186E7E00EEF1EF /* XCRemoteSwiftPackageReference "ios-maps-sdk" */;
			productName = GoogleMaps;
		};
		69CA88462D18777400C19E4D /* GooglePlaces */ = {
			isa = XCSwiftPackageProductDependency;
			package = 69CA88452D18777400C19E4D /* XCRemoteSwiftPackageReference "ios-places-sdk" */;
			productName = GooglePlaces;
		};
		69CA88482D18777400C19E4D /* GooglePlacesSwift */ = {
			isa = XCSwiftPackageProductDependency;
			package = 69CA88452D18777400C19E4D /* XCRemoteSwiftPackageReference "ios-places-sdk" */;
			productName = GooglePlacesSwift;
		};
/* End XCSwiftPackageProductDependency section */
	};
	rootObject = 695024282D186C1A00EEF1EF /* Project object */;
}
